{
  "name": "vxx-ui",
  "version": "1.0.0",
  "lockfileVersion": 2,
  "requires": true,
  "packages": {
    "": {
      "name": "vxx-ui",
      "version": "1.0.0",
      "license": "MIT",
      "dependencies": {
        "@vxx-ui/utils": "2.0.1"
      }
    },
    "node_modules/@vxx-ui/utils": {
      "version": "2.0.1",
      "resolved": "https://registry.npmjs.org/@vxx-ui/utils/-/utils-2.0.1.tgz",
      "integrity": "sha512-rBSIDEGGLpdImtTehhYKG7QKPlr2rBkV3Ix0ovaSd/lfI2gXBZUOcMLuejmo6KJFeK/AntJSjWoqP65BnZVirg=="
    }
  },
  "dependencies": {
    "@vxx-ui/utils": {
      "version": "2.0.1",
      "resolved": "https://registry.npmjs.org/@vxx-ui/utils/-/utils-2.0.1.tgz",
      "integrity": "sha512-rBSIDEGGLpdImtTehhYKG7QKPlr2rBkV3Ix0ovaSd/lfI2gXBZUOcMLuejmo6KJFeK/AntJSjWoqP65BnZVirg=="
    }
  }
}
